
Microsoft Visual Studio Solution File, Format Version 12.00
# Visual Studio 15
VisualStudioVersion = 15.0.28307.1082
MinimumVisualStudioVersion = 10.0.40219.1
Project("{FAE04EC0-301F-11D3-BF4B-00C04F79EFBC}") = "MusicTracker", "MusicTracker\MusicTracker.csproj", "{600F5216-9EC2-4990-AFEF-5E9BB0086AB9}"
EndProject
Global
	GlobalSection(SolutionConfigurationPlatforms) = preSolution
		Debug|Any CPU = Debug|Any CPU
		Release|Any CPU = Release|Any CPU
	EndGlobalSection
	GlobalSection(ProjectConfigurationPlatforms) = postSolution
		{600F5216-9EC2-4990-AFEF-5E9BB0086AB9}.Debug|Any CPU.ActiveCfg = Debug|Any CPU
		{600F5216-9EC2-4990-AFEF-5E9BB0086AB9}.Debug|Any CPU.Build.0 = Debug|Any CPU
		{600F5216-9EC2-4990-AFEF-5E9BB0086AB9}.Release|Any CPU.ActiveCfg = Release|Any CPU
		{600F5216-9EC2-4990-AFEF-5E9BB0086AB9}.Release|Any CPU.Build.0 = Release|Any CPU
	EndGlobalSection
	GlobalSection(SolutionProperties) = preSolution
		HideSolutionNode = FALSE
	EndGlobalSection
	GlobalSection(ExtensibilityGlobals) = postSolution
		SolutionGuid = {51B9B487-7E14-4933-84E2-0458EC445AAC}
	EndGlobalSection
EndGlobal
